
Microsoft Visual Studio Solution File, Format Version 12.00
# Visual Studio Version 17
VisualStudioVersion = 17.12.35506.116
MinimumVisualStudioVersion = 10.0.40219.1
Project("{FAE04EC0-301F-11D3-BF4B-00C04F79EFBC}") = "Task8_BasicQueueOperations", "Task8_BasicQueueOperations\Task8_BasicQueueOperations.csproj", "{DCE1771D-799A-4554-9669-EED4C241D437}"
EndProject
Project("{FAE04EC0-301F-11D3-BF4B-00C04F79EFBC}") = "Task7_BasicStackOperations", "Task7_BasicStackOperations\Task7_BasicStackOperations.csproj", "{F3ABC9AF-A6FD-4AB4-8080-49E7C8712084}"
EndProject
Project("{FAE04EC0-301F-11D3-BF4B-00C04F79EFBC}") = "Task6_MinerTask", "Task6_MinerTask\Task6_MinerTask.csproj", "{4FE6AE01-E876-4B3E-9C7C-F70F466E4A76}"
EndProject
Project("{FAE04EC0-301F-11D3-BF4B-00C04F79EFBC}") = "Task5_CountCharsInString", "Task5_CountCharsInString\Task5_CountCharsInString.csproj", "{256519FD-1B78-46B3-8832-B5E2D06B28D3}"
EndProject
Project("{FAE04EC0-301F-11D3-BF4B-00C04F79EFBC}") = "Task1_CommonElements", "Task1_CommonElements\Task1_CommonElements.csproj", "{7EAD48EE-72C5-41D3-8764-272159B6D22D}"
EndProject
Global
	GlobalSection(SolutionConfigurationPlatforms) = preSolution
		Debug|Any CPU = Debug|Any CPU
		Release|Any CPU = Release|Any CPU
	EndGlobalSection
	GlobalSection(ProjectConfigurationPlatforms) = postSolution
		{DCE1771D-799A-4554-9669-EED4C241D437}.Debug|Any CPU.ActiveCfg = Debug|Any CPU
		{DCE1771D-799A-4554-9669-EED4C241D437}.Debug|Any CPU.Build.0 = Debug|Any CPU
		{DCE1771D-799A-4554-9669-EED4C241D437}.Release|Any CPU.ActiveCfg = Release|Any CPU
		{DCE1771D-799A-4554-9669-EED4C241D437}.Release|Any CPU.Build.0 = Release|Any CPU
		{F3ABC9AF-A6FD-4AB4-8080-49E7C8712084}.Debug|Any CPU.ActiveCfg = Debug|Any CPU
		{F3ABC9AF-A6FD-4AB4-8080-49E7C8712084}.Debug|Any CPU.Build.0 = Debug|Any CPU
		{F3ABC9AF-A6FD-4AB4-8080-49E7C8712084}.Release|Any CPU.ActiveCfg = Release|Any CPU
		{F3ABC9AF-A6FD-4AB4-8080-49E7C8712084}.Release|Any CPU.Build.0 = Release|Any CPU
		{4FE6AE01-E876-4B3E-9C7C-F70F466E4A76}.Debug|Any CPU.ActiveCfg = Debug|Any CPU
		{4FE6AE01-E876-4B3E-9C7C-F70F466E4A76}.Debug|Any CPU.Build.0 = Debug|Any CPU
		{4FE6AE01-E876-4B3E-9C7C-F70F466E4A76}.Release|Any CPU.ActiveCfg = Release|Any CPU
		{4FE6AE01-E876-4B3E-9C7C-F70F466E4A76}.Release|Any CPU.Build.0 = Release|Any CPU
		{256519FD-1B78-46B3-8832-B5E2D06B28D3}.Debug|Any CPU.ActiveCfg = Debug|Any CPU
		{256519FD-1B78-46B3-8832-B5E2D06B28D3}.Debug|Any CPU.Build.0 = Debug|Any CPU
		{256519FD-1B78-46B3-8832-B5E2D06B28D3}.Release|Any CPU.ActiveCfg = Release|Any CPU
		{256519FD-1B78-46B3-8832-B5E2D06B28D3}.Release|Any CPU.Build.0 = Release|Any CPU
		{7EAD48EE-72C5-41D3-8764-272159B6D22D}.Debug|Any CPU.ActiveCfg = Debug|Any CPU
		{7EAD48EE-72C5-41D3-8764-272159B6D22D}.Debug|Any CPU.Build.0 = Debug|Any CPU
		{7EAD48EE-72C5-41D3-8764-272159B6D22D}.Release|Any CPU.ActiveCfg = Release|Any CPU
		{7EAD48EE-72C5-41D3-8764-272159B6D22D}.Release|Any CPU.Build.0 = Release|Any CPU
	EndGlobalSection
	GlobalSection(SolutionProperties) = preSolution
		HideSolutionNode = FALSE
	EndGlobalSection
EndGlobal
